
Microsoft Visual Studio Solution File, Format Version 12.00
# Visual Studio Version 17
VisualStudioVersion = 17.4.33213.308
MinimumVisualStudioVersion = 10.0.40219.1
Project("{FAE04EC0-301F-11D3-BF4B-00C04F79EFBC}") = "TestGallerUAuth0", "TestGallerUAuth0\TestGallerUAuth0.csproj", "{01486346-95DF-4ACC-9D04-BDBC5BAD794A}"
EndProject
Global
	GlobalSection(SolutionConfigurationPlatforms) = preSolution
		Debug|Any CPU = Debug|Any CPU
		Release|Any CPU = Release|Any CPU
	EndGlobalSection
	GlobalSection(ProjectConfigurationPlatforms) = postSolution
		{01486346-95DF-4ACC-9D04-BDBC5BAD794A}.Debug|Any CPU.ActiveCfg = Debug|Any CPU
		{01486346-95DF-4ACC-9D04-BDBC5BAD794A}.Debug|Any CPU.Build.0 = Debug|Any CPU
		{01486346-95DF-4ACC-9D04-BDBC5BAD794A}.Release|Any CPU.ActiveCfg = Release|Any CPU
		{01486346-95DF-4ACC-9D04-BDBC5BAD794A}.Release|Any CPU.Build.0 = Release|Any CPU
	EndGlobalSection
	GlobalSection(SolutionProperties) = preSolution
		HideSolutionNode = FALSE
	EndGlobalSection
	GlobalSection(ExtensibilityGlobals) = postSolution
		SolutionGuid = {9DA10DA4-5F6A-401D-A8EE-1B7619829E23}
	EndGlobalSection
EndGlobal
